
Microsoft Visual Studio Solution File, Format Version 12.00
# Visual Studio Version 17
VisualStudioVersion = 17.0.31903.59
MinimumVisualStudioVersion = 10.0.40219.1
Project("{FAE04EC0-301F-11D3-BF4B-00C04F79EFBC}") = "BetterDecorator", "BetterDecorator\BetterDecorator.csproj", "{F406D65C-C7CD-4748-810B-49B73C2FB37D}"
EndProject
Project("{FAE04EC0-301F-11D3-BF4B-00C04F79EFBC}") = "ValuesAndReferences", "ValuesAndReferences\ValuesAndReferences.csproj", "{C2A39F9B-6CD1-4574-9A3A-96843F42D24E}"
EndProject
Project("{FAE04EC0-301F-11D3-BF4B-00C04F79EFBC}") = "Special", "Special\Special.csproj", "{2AA55656-C4E5-41BC-9F89-481178340D3A}"
EndProject
Global
	GlobalSection(SolutionConfigurationPlatforms) = preSolution
		Debug|Any CPU = Debug|Any CPU
		Release|Any CPU = Release|Any CPU
	EndGlobalSection
	GlobalSection(SolutionProperties) = preSolution
		HideSolutionNode = FALSE
	EndGlobalSection
	GlobalSection(ProjectConfigurationPlatforms) = postSolution
		{F406D65C-C7CD-4748-810B-49B73C2FB37D}.Debug|Any CPU.ActiveCfg = Debug|Any CPU
		{F406D65C-C7CD-4748-810B-49B73C2FB37D}.Debug|Any CPU.Build.0 = Debug|Any CPU
		{F406D65C-C7CD-4748-810B-49B73C2FB37D}.Release|Any CPU.ActiveCfg = Release|Any CPU
		{F406D65C-C7CD-4748-810B-49B73C2FB37D}.Release|Any CPU.Build.0 = Release|Any CPU
		{C2A39F9B-6CD1-4574-9A3A-96843F42D24E}.Debug|Any CPU.ActiveCfg = Debug|Any CPU
		{C2A39F9B-6CD1-4574-9A3A-96843F42D24E}.Debug|Any CPU.Build.0 = Debug|Any CPU
		{C2A39F9B-6CD1-4574-9A3A-96843F42D24E}.Release|Any CPU.ActiveCfg = Release|Any CPU
		{C2A39F9B-6CD1-4574-9A3A-96843F42D24E}.Release|Any CPU.Build.0 = Release|Any CPU
		{2AA55656-C4E5-41BC-9F89-481178340D3A}.Debug|Any CPU.ActiveCfg = Debug|Any CPU
		{2AA55656-C4E5-41BC-9F89-481178340D3A}.Debug|Any CPU.Build.0 = Debug|Any CPU
		{2AA55656-C4E5-41BC-9F89-481178340D3A}.Release|Any CPU.ActiveCfg = Release|Any CPU
		{2AA55656-C4E5-41BC-9F89-481178340D3A}.Release|Any CPU.Build.0 = Release|Any CPU
	EndGlobalSection
EndGlobal
